
Microsoft Visual Studio Solution File, Format Version 12.00
# Visual Studio Version 17
VisualStudioVersion = 17.8.34309.116
MinimumVisualStudioVersion = 10.0.40219.1
Project("{FAE04EC0-301F-11D3-BF4B-00C04F79EFBC}") = "Database_project", "Database_project\Database_project.csproj", "{5EFE3C78-EB52-4E1C-8CF6-4504EB5FC2E7}"
EndProject
Global
	GlobalSection(SolutionConfigurationPlatforms) = preSolution
		Debug|Any CPU = Debug|Any CPU
		Release|Any CPU = Release|Any CPU
	EndGlobalSection
	GlobalSection(ProjectConfigurationPlatforms) = postSolution
		{5EFE3C78-EB52-4E1C-8CF6-4504EB5FC2E7}.Debug|Any CPU.ActiveCfg = Debug|Any CPU
		{5EFE3C78-EB52-4E1C-8CF6-4504EB5FC2E7}.Debug|Any CPU.Build.0 = Debug|Any CPU
		{5EFE3C78-EB52-4E1C-8CF6-4504EB5FC2E7}.Release|Any CPU.ActiveCfg = Release|Any CPU
		{5EFE3C78-EB52-4E1C-8CF6-4504EB5FC2E7}.Release|Any CPU.Build.0 = Release|Any CPU
	EndGlobalSection
	GlobalSection(SolutionProperties) = preSolution
		HideSolutionNode = FALSE
	EndGlobalSection
	GlobalSection(ExtensibilityGlobals) = postSolution
		SolutionGuid = {C51D962B-3F1E-4D60-AA4D-F7FD99719447}
	EndGlobalSection
EndGlobal
